// !$*UTF8*$!
{
	archiveVersion = 1;
	classes = {
	};
	objectVersion = 56;
	objects = {

/* Begin PBXBuildFile section */
		B288CE83298239C500BFE884 /* NaviSwiftUIApp.swift in Sources */ = {isa = PBXBuildFile; fileRef = B288CE82298239C500BFE884 /* NaviSwiftUIApp.swift */; };
		B288CE85298239C500BFE884 /* ContentView.swift in Sources */ = {isa = PBXBuildFile; fileRef = B288CE84298239C500BFE884 /* ContentView.swift */; };
		B288CE87298239C600BFE884 /* Assets.xcassets in Resources */ = {isa = PBXBuildFile; fileRef = B288CE86298239C600BFE884 /* Assets.xcassets */; };
		B288CE8A298239C600BFE884 /* Preview Assets.xcassets in Resources */ = {isa = PBXBuildFile; fileRef = B288CE89298239C600BFE884 /* Preview Assets.xcassets */; };
		B288CE94298239C600BFE884 /* NaviSwiftUITests.swift in Sources */ = {isa = PBXBuildFile; fileRef = B288CE93298239C600BFE884 /* NaviSwiftUITests.swift */; };
		B288CE9E298239C600BFE884 /* NaviSwiftUIUITests.swift in Sources */ = {isa = PBXBuildFile; fileRef = B288CE9D298239C600BFE884 /* NaviSwiftUIUITests.swift */; };
		B288CEA0298239C600BFE884 /* NaviSwiftUIUITestsLaunchTests.swift in Sources */ = {isa = PBXBuildFile; fileRef = B288CE9F298239C600BFE884 /* NaviSwiftUIUITestsLaunchTests.swift */; };
/* End PBXBuildFile section */

/* Begin PBXContainerItemProxy section */
		B288CE90298239C600BFE884 /* PBXContainerItemProxy */ = {
			isa = PBXContainerItemProxy;
			containerPortal = B288CE77298239C500BFE884 /* Project object */;
			proxyType = 1;
			remoteGlobalIDString = B288CE7E298239C500BFE884;
			remoteInfo = NaviSwiftUI;
		};
		B288CE9A298239C600BFE884 /* PBXContainerItemProxy */ = {
			isa = PBXContainerItemProxy;
			containerPortal = B288CE77298239C500BFE884 /* Project object */;
			proxyType = 1;
			remoteGlobalIDString = B288CE7E298239C500BFE884;
			remoteInfo = NaviSwiftUI;
		};
/* End PBXContainerItemProxy section */

/* Begin PBXFileReference section */
		B288CE7F298239C500BFE884 /* NaviSwiftUI.app */ = {isa = PBXFileReference; explicitFileType = wrapper.application; includeInIndex = 0; path = NaviSwiftUI.app; sourceTree = BUILT_PRODUCTS_DIR; };
		B288CE82298239C500BFE884 /* NaviSwiftUIApp.swift */ = {isa = PBXFileReference; lastKnownFileType = sourcecode.swift; path = NaviSwiftUIApp.swift; sourceTree = "<group>"; };
		B288CE84298239C500BFE884 /* ContentView.swift */ = {isa = PBXFileReference; lastKnownFileType = sourcecode.swift; path = ContentView.swift; sourceTree = "<group>"; };
		B288CE86298239C600BFE884 /* Assets.xcassets */ = {isa = PBXFileReference; lastKnownFileType = folder.assetcatalog; path = Assets.xcassets; sourceTree = "<group>"; };
		B288CE89298239C600BFE884 /* Preview Assets.xcassets */ = {isa = PBXFileReference; lastKnownFileType = folder.assetcatalog; path = "Preview Assets.xcassets"; sourceTree = "<group>"; };
		B288CE8F298239C600BFE884 /* NaviSwiftUITests.xctest */ = {isa = PBXFileReference; explicitFileType = wrapper.cfbundle; includeInIndex = 0; path = NaviSwiftUITests.xctest; sourceTree = BUILT_PRODUCTS_DIR; };
		B288CE93298239C600BFE884 /* NaviSwiftUITests.swift */ = {isa = PBXFileReference; lastKnownFileType = sourcecode.swift; path = NaviSwiftUITests.swift; sourceTree = "<group>"; };
		B288CE99298239C600BFE884 /* NaviSwiftUIUITests.xctest */ = {isa = PBXFileReference; explicitFileType = wrapper.cfbundle; includeInIndex = 0; path = NaviSwiftUIUITests.xctest; sourceTree = BUILT_PRODUCTS_DIR; };
		B288CE9D298239C600BFE884 /* NaviSwiftUIUITests.swift */ = {isa = PBXFileReference; lastKnownFileType = sourcecode.swift; path = NaviSwiftUIUITests.swift; sourceTree = "<group>"; };
		B288CE9F298239C600BFE884 /* NaviSwiftUIUITestsLaunchTests.swift */ = {isa = PBXFileReference; lastKnownFileType = sourcecode.swift; path = NaviSwiftUIUITestsLaunchTests.swift; sourceTree = "<group>"; };
/* End PBXFileReference section */

/* Begin PBXFrameworksBuildPhase section */
		B288CE7C298239C500BFE884 /* Frameworks */ = {
			isa = PBXFrameworksBuildPhase;
			buildActionMask = 2147483647;
			files = (
			);
			runOnlyForDeploymentPostprocessing = 0;
		};
		B288CE8C298239C600BFE884 /* Frameworks */ = {
			isa = PBXFrameworksBuildPhase;
			buildActionMask = 2147483647;
			files = (
			);
			runOnlyForDeploymentPostprocessing = 0;
		};
		B288CE96298239C600BFE884 /* Frameworks */ = {
			isa = PBXFrameworksBuildPhase;
			buildActionMask = 2147483647;
			files = (
			);
			runOnlyForDeploymentPostprocessing = 0;
		};
/* End PBXFrameworksBuildPhase section */

/* Begin PBXGroup section */
		B288CE76298239C500BFE884 = {
			isa = PBXGroup;
			children = (
				B288CE81298239C500BFE884 /* NaviSwiftUI */,
				B288CE92298239C600BFE884 /* NaviSwiftUITests */,
				B288CE9C298239C600BFE884 /* NaviSwiftUIUITests */,
				B288CE80298239C500BFE884 /* Products */,
			);
			sourceTree = "<group>";
		};
		B288CE80298239C500BFE884 /* Products */ = {
			isa = PBXGroup;
			children = (
				B288CE7F298239C500BFE884 /* NaviSwiftUI.app */,
				B288CE8F298239C600BFE884 /* NaviSwiftUITests.xctest */,
				B288CE99298239C600BFE884 /* NaviSwiftUIUITests.xctest */,
			);
			name = Products;
			sourceTree = "<group>";
		};
		B288CE81298239C500BFE884 /* NaviSwiftUI */ = {
			isa = PBXGroup;
			children = (
				B288CE82298239C500BFE884 /* NaviSwiftUIApp.swift */,
				B288CE84298239C500BFE884 /* ContentView.swift */,
				B288CE86298239C600BFE884 /* Assets.xcassets */,
				B288CE88298239C600BFE884 /* Preview Content */,
			);
			path = NaviSwiftUI;
			sourceTree = "<group>";
		};
		B288CE88298239C600BFE884 /* Preview Content */ = {
			isa = PBXGroup;
			children = (
				B288CE89298239C600BFE884 /* Preview Assets.xcassets */,
			);
			path = "Preview Content";
			sourceTree = "<group>";
		};
		B288CE92298239C600BFE884 /* NaviSwiftUITests */ = {
			isa = PBXGroup;
			children = (
				B288CE93298239C600BFE884 /* NaviSwiftUITests.swift */,
			);
			path = NaviSwiftUITests;
			sourceTree = "<group>";
		};
		B288CE9C298239C600BFE884 /* NaviSwiftUIUITests */ = {
			isa = PBXGroup;
			children = (
				B288CE9D298239C600BFE884 /* NaviSwiftUIUITests.swift */,
				B288CE9F298239C600BFE884 /* NaviSwiftUIUITestsLaunchTests.swift */,
			);
			path = NaviSwiftUIUITests;
			sourceTree = "<group>";
		};
/* End PBXGroup section */

/* Begin PBXNativeTarget section */
		B288CE7E298239C500BFE884 /* NaviSwiftUI */ = {
			isa = PBXNativeTarget;
			buildConfigurationList = B288CEA3298239C600BFE884 /* Build configuration list for PBXNativeTarget "NaviSwiftUI" */;
			buildPhases = (
				B288CE7B298239C500BFE884 /* Sources */,
				B288CE7C298239C500BFE884 /* Frameworks */,
				B288CE7D298239C500BFE884 /* Resources */,
			);
			buildRules = (
			);
			dependencies = (
			);
			name = NaviSwiftUI;
			productName = NaviSwiftUI;
			productReference = B288CE7F298239C500BFE884 /* NaviSwiftUI.app */;
			productType = "com.apple.product-type.application";
		};
		B288CE8E298239C600BFE884 /* NaviSwiftUITests */ = {
			isa = PBXNativeTarget;
			buildConfigurationList = B288CEA6298239C600BFE884 /* Build configuration list for PBXNativeTarget "NaviSwiftUITests" */;
			buildPhases = (
				B288CE8B298239C600BFE884 /* Sources */,
				B288CE8C298239C600BFE884 /* Frameworks */,
				B288CE8D298239C600BFE884 /* Resources */,
			);
			buildRules = (
			);
			dependencies = (
				B288CE91298239C600BFE884 /* PBXTargetDependency */,
			);
			name = NaviSwiftUITests;
			productName = NaviSwiftUITests;
			productReference = B288CE8F298239C600BFE884 /* NaviSwiftUITests.xctest */;
			productType = "com.apple.product-type.bundle.unit-test";
		};
		B288CE98298239C600BFE884 /* NaviSwiftUIUITests */ = {
			isa = PBXNativeTarget;
			buildConfigurationList = B288CEA9298239C600BFE884 /* Build configuration list for PBXNativeTarget "NaviSwiftUIUITests" */;
			buildPhases = (
				B288CE95298239C600BFE884 /* Sources */,
				B288CE96298239C600BFE884 /* Frameworks */,
				B288CE97298239C600BFE884 /* Resources */,
			);
			buildRules = (
			);
			dependencies = (
				B288CE9B298239C600BFE884 /* PBXTargetDependency */,
			);
			name = NaviSwiftUIUITests;
			productName = NaviSwiftUIUITests;
			productReference = B288CE99298239C600BFE884 /* NaviSwiftUIUITests.xctest */;
			productType = "com.apple.product-type.bundle.ui-testing";
		};
/* End PBXNativeTarget section */

/* Begin PBXProject section */
		B288CE77298239C500BFE884 /* Project object */ = {
			isa = PBXProject;
			attributes = {
				BuildIndependentTargetsInParallel = 1;
				LastSwiftUpdateCheck = 1410;
				LastUpgradeCheck = 1410;
				TargetAttributes = {
					B288CE7E298239C500BFE884 = {
						CreatedOnToolsVersion = 14.1;
					};
					B288CE8E298239C600BFE884 = {
						CreatedOnToolsVersion = 14.1;
						TestTargetID = B288CE7E298239C500BFE884;
					};
					B288CE98298239C600BFE884 = {
						CreatedOnToolsVersion = 14.1;
						TestTargetID = B288CE7E298239C500BFE884;
					};
				};
			};
			buildConfigurationList = B288CE7A298239C500BFE884 /* Build configuration list for PBXProject "NaviSwiftUI" */;
			compatibilityVersion = "Xcode 14.0";
			developmentRegion = en;
			hasScannedForEncodings = 0;
			knownRegions = (
				en,
				Base,
			);
			mainGroup = B288CE76298239C500BFE884;
			productRefGroup = B288CE80298239C500BFE884 /* Products */;
			projectDirPath = "";
			projectRoot = "";
			targets = (
				B288CE7E298239C500BFE884 /* NaviSwiftUI */,
				B288CE8E298239C600BFE884 /* NaviSwiftUITests */,
				B288CE98298239C600BFE884 /* NaviSwiftUIUITests */,
			);
		};
/* End PBXProject section */

/* Begin PBXResourcesBuildPhase section */
		B288CE7D298239C500BFE884 /* Resources */ = {
			isa = PBXResourcesBuildPhase;
			buildActionMask = 2147483647;
			files = (
				B288CE8A298239C600BFE884 /* Preview Assets.xcassets in Resources */,
				B288CE87298239C600BFE884 /* Assets.xcassets in Resources */,
			);
			runOnlyForDeploymentPostprocessing = 0;
		};
		B288CE8D298239C600BFE884 /* Resources */ = {
			isa = PBXResourcesBuildPhase;
			buildActionMask = 2147483647;
			files = (
			);
			runOnlyForDeploymentPostprocessing = 0;
		};
		B288CE97298239C600BFE884 /* Resources */ = {
			isa = PBXResourcesBuildPhase;
			buildActionMask = 2147483647;
			files = (
			);
			runOnlyForDeploymentPostprocessing = 0;
		};
/* End PBXResourcesBuildPhase section */

/* Begin PBXSourcesBuildPhase section */
		B288CE7B298239C500BFE884 /* Sources */ = {
			isa = PBXSourcesBuildPhase;
			buildActionMask = 2147483647;
			files = (
				B288CE85298239C500BFE884 /* ContentView.swift in Sources */,
				B288CE83298239C500BFE884 /* NaviSwiftUIApp.swift in Sources */,
			);
			runOnlyForDeploymentPostprocessing = 0;
		};
		B288CE8B298239C600BFE884 /* Sources */ = {
			isa = PBXSourcesBuildPhase;
			buildActionMask = 2147483647;
			files = (
				B288CE94298239C600BFE884 /* NaviSwiftUITests.swift in Sources */,
			);
			runOnlyForDeploymentPostprocessing = 0;
		};
		B288CE95298239C600BFE884 /* Sources */ = {
			isa = PBXSourcesBuildPhase;
			buildActionMask = 2147483647;
			files = (
				B288CEA0298239C600BFE884 /* NaviSwiftUIUITestsLaunchTests.swift in Sources */,
				B288CE9E298239C600BFE884 /* NaviSwiftUIUITests.swift in Sources */,
			);
			runOnlyForDeploymentPostprocessing = 0;
		};
/* End PBXSourcesBuildPhase section */

/* Begin PBXTargetDependency section */
		B288CE91298239C600BFE884 /* PBXTargetDependency */ = {
			isa = PBXTargetDependency;
			target = B288CE7E298239C500BFE884 /* NaviSwiftUI */;
			targetProxy = B288CE90298239C600BFE884 /* PBXContainerItemProxy */;
		};
		B288CE9B298239C600BFE884 /* PBXTargetDependency */ = {
			isa = PBXTargetDependency;
			target = B288CE7E298239C500BFE884 /* NaviSwiftUI */;
			targetProxy = B288CE9A298239C600BFE884 /* PBXContainerItemProxy */;
		};
/* End PBXTargetDependency section */

/* Begin XCBuildConfiguration section */
		B288CEA1298239C600BFE884 /* Debug */ = {
			isa = XCBuildConfiguration;
			buildSettings = {
				ALWAYS_SEARCH_USER_PATHS = NO;
				CLANG_ANALYZER_NONNULL = YES;
				CLANG_ANALYZER_NUMBER_OBJECT_CONVERSION = YES_AGGRESSIVE;
				CLANG_CXX_LANGUAGE_STANDARD = "gnu++20";
				CLANG_ENABLE_MODULES = YES;
				CLANG_ENABLE_OBJC_ARC = YES;
				CLANG_ENABLE_OBJC_WEAK = YES;
				CLANG_WARN_BLOCK_CAPTURE_AUTORELEASING = YES;
				CLANG_WARN_BOOL_CONVERSION = YES;
				CLANG_WARN_COMMA = YES;
				CLANG_WARN_CONSTANT_CONVERSION = YES;
				CLANG_WARN_DEPRECATED_OBJC_IMPLEMENTATIONS = YES;
				CLANG_WARN_DIRECT_OBJC_ISA_USAGE = YES_ERROR;
				CLANG_WARN_DOCUMENTATION_COMMENTS = YES;
				CLANG_WARN_EMPTY_BODY = YES;
				CLANG_WARN_ENUM_CONVERSION = YES;
				CLANG_WARN_INFINITE_RECURSION = YES;
				CLANG_WARN_INT_CONVERSION = YES;
				CLANG_WARN_NON_LITERAL_NULL_CONVERSION = YES;
				CLANG_WARN_OBJC_IMPLICIT_RETAIN_SELF = YES;
				CLANG_WARN_OBJC_LITERAL_CONVERSION = YES;
				CLANG_WARN_OBJC_ROOT_CLASS = YES_ERROR;
				CLANG_WARN_QUOTED_INCLUDE_IN_FRAMEWORK_HEADER = YES;
				CLANG_WARN_RANGE_LOOP_ANALYSIS = YES;
				CLANG_WARN_STRICT_PROTOTYPES = YES;
				CLANG_WARN_SUSPICIOUS_MOVE = YES;
				CLANG_WARN_UNGUARDED_AVAILABILITY = YES_AGGRESSIVE;
				CLANG_WARN_UNREACHABLE_CODE = YES;
				CLANG_WARN__DUPLICATE_METHOD_MATCH = YES;
				COPY_PHASE_STRIP = NO;
				DEBUG_INFORMATION_FORMAT = dwarf;
				ENABLE_STRICT_OBJC_MSGSEND = YES;
				ENABLE_TESTABILITY = YES;
				GCC_C_LANGUAGE_STANDARD = gnu11;
				GCC_DYNAMIC_NO_PIC = NO;
				GCC_NO_COMMON_BLOCKS = YES;
				GCC_OPTIMIZATION_LEVEL = 0;
				GCC_PREPROCESSOR_DEFINITIONS = (
					"DEBUG=1",
					"$(inherited)",
				);
				GCC_WARN_64_TO_32_BIT_CONVERSION = YES;
				GCC_WARN_ABOUT_RETURN_TYPE = YES_ERROR;
				GCC_WARN_UNDECLARED_SELECTOR = YES;
				GCC_WARN_UNINITIALIZED_AUTOS = YES_AGGRESSIVE;
				GCC_WARN_UNUSED_FUNCTION = YES;
				GCC_WARN_UNUSED_VARIABLE = YES;
				IPHONEOS_DEPLOYMENT_TARGET = 16.1;
				MTL_ENABLE_DEBUG_INFO = INCLUDE_SOURCE;
				MTL_FAST_MATH = YES;
				ONLY_ACTIVE_ARCH = YES;
				SDKROOT = iphoneos;
				SWIFT_ACTIVE_COMPILATION_CONDITIONS = DEBUG;
				SWIFT_OPTIMIZATION_LEVEL = "-Onone";
			};
			name = Debug;
		};
		B288CEA2298239C600BFE884 /* Release */ = {
			isa = XCBuildConfiguration;
			buildSettings = {
				ALWAYS_SEARCH_USER_PATHS = NO;
				CLANG_ANALYZER_NONNULL = YES;
				CLANG_ANALYZER_NUMBER_OBJECT_CONVERSION = YES_AGGRESSIVE;
				CLANG_CXX_LANGUAGE_STANDARD = "gnu++20";
				CLANG_ENABLE_MODULES = YES;
				CLANG_ENABLE_OBJC_ARC = YES;
				CLANG_ENABLE_OBJC_WEAK = YES;
				CLANG_WARN_BLOCK_CAPTURE_AUTORELEASING = YES;
				CLANG_WARN_BOOL_CONVERSION = YES;
				CLANG_WARN_COMMA = YES;
				CLANG_WARN_CONSTANT_CONVERSION = YES;
				CLANG_WARN_DEPRECATED_OBJC_IMPLEMENTATIONS = YES;
				CLANG_WARN_DIRECT_OBJC_ISA_USAGE = YES_ERROR;
				CLANG_WARN_DOCUMENTATION_COMMENTS = YES;
				CLANG_WARN_EMPTY_BODY = YES;
				CLANG_WARN_ENUM_CONVERSION = YES;
				CLANG_WARN_INFINITE_RECURSION = YES;
				CLANG_WARN_INT_CONVERSION = YES;
				CLANG_WARN_NON_LITERAL_NULL_CONVERSION = YES;
				CLANG_WARN_OBJC_IMPLICIT_RETAIN_SELF = YES;
				CLANG_WARN_OBJC_LITERAL_CONVERSION = YES;
				CLANG_WARN_OBJC_ROOT_CLASS = YES_ERROR;
				CLANG_WARN_QUOTED_INCLUDE_IN_FRAMEWORK_HEADER = YES;
				CLANG_WARN_RANGE_LOOP_ANALYSIS = YES;
				CLANG_WARN_STRICT_PROTOTYPES = YES;
				CLANG_WARN_SUSPICIOUS_MOVE = YES;
				CLANG_WARN_UNGUARDED_AVAILABILITY = YES_AGGRESSIVE;
				CLANG_WARN_UNREACHABLE_CODE = YES;
				CLANG_WARN__DUPLICATE_METHOD_MATCH = YES;
				COPY_PHASE_STRIP = NO;
				DEBUG_INFORMATION_FORMAT = "dwarf-with-dsym";
				ENABLE_NS_ASSERTIONS = NO;
				ENABLE_STRICT_OBJC_MSGSEND = YES;
				GCC_C_LANGUAGE_STANDARD = gnu11;
				GCC_NO_COMMON_BLOCKS = YES;
				GCC_WARN_64_TO_32_BIT_CONVERSION = YES;
				GCC_WARN_ABOUT_RETURN_TYPE = YES_ERROR;
				GCC_WARN_UNDECLARED_SELECTOR = YES;
				GCC_WARN_UNINITIALIZED_AUTOS = YES_AGGRESSIVE;
				GCC_WARN_UNUSED_FUNCTION = YES;
				GCC_WARN_UNUSED_VARIABLE = YES;
				IPHONEOS_DEPLOYMENT_TARGET = 16.1;
				MTL_ENABLE_DEBUG_INFO = NO;
				MTL_FAST_MATH = YES;
				SDKROOT = iphoneos;
				SWIFT_COMPILATION_MODE = wholemodule;
				SWIFT_OPTIMIZATION_LEVEL = "-O";
				VALIDATE_PRODUCT = YES;
			};
			name = Release;
		};
		B288CEA4298239C600BFE884 /* Debug */ = {
			isa = XCBuildConfiguration;
			buildSettings = {
				ASSETCATALOG_COMPILER_APPICON_NAME = AppIcon;
				ASSETCATALOG_COMPILER_GLOBAL_ACCENT_COLOR_NAME = AccentColor;
				CODE_SIGN_STYLE = Automatic;
				CURRENT_PROJECT_VERSION = 1;
				DEVELOPMENT_ASSET_PATHS = "\"NaviSwiftUI/Preview Content\"";
				DEVELOPMENT_TEAM = ZA37564B4V;
				ENABLE_PREVIEWS = YES;
				GENERATE_INFOPLIST_FILE = YES;
				INFOPLIST_KEY_UIApplicationSceneManifest_Generation = YES;
				INFOPLIST_KEY_UIApplicationSupportsIndirectInputEvents = YES;
				INFOPLIST_KEY_UILaunchScreen_Generation = YES;
				INFOPLIST_KEY_UISupportedInterfaceOrientations_iPad = "UIInterfaceOrientationPortrait UIInterfaceOrientationPortraitUpsideDown UIInterfaceOrientationLandscapeLeft UIInterfaceOrientationLandscapeRight";
				INFOPLIST_KEY_UISupportedInterfaceOrientations_iPhone = "UIInterfaceOrientationPortrait UIInterfaceOrientationLandscapeLeft UIInterfaceOrientationLandscapeRight";
				LD_RUNPATH_SEARCH_PATHS = (
					"$(inherited)",
					"@executable_path/Frameworks",
				);
				MARKETING_VERSION = 1.0;
				PRODUCT_BUNDLE_IDENTIFIER = com.indus.NaviSwiftUI;
				PRODUCT_NAME = "$(TARGET_NAME)";
				SWIFT_EMIT_LOC_STRINGS = YES;
				SWIFT_VERSION = 5.0;
				TARGETED_DEVICE_FAMILY = "1,2";
			};
			name = Debug;
		};
		B288CEA5298239C600BFE884 /* Release */ = {
			isa = XCBuildConfiguration;
			buildSettings = {
				ASSETCATALOG_COMPILER_APPICON_NAME = AppIcon;
				ASSETCATALOG_COMPILER_GLOBAL_ACCENT_COLOR_NAME = AccentColor;
				CODE_SIGN_STYLE = Automatic;
				CURRENT_PROJECT_VERSION = 1;
				DEVELOPMENT_ASSET_PATHS = "\"NaviSwiftUI/Preview Content\"";
				DEVELOPMENT_TEAM = ZA37564B4V;
				ENABLE_PREVIEWS = YES;
				GENERATE_INFOPLIST_FILE = YES;
				INFOPLIST_KEY_UIApplicationSceneManifest_Generation = YES;
				INFOPLIST_KEY_UIApplicationSupportsIndirectInputEvents = YES;
				INFOPLIST_KEY_UILaunchScreen_Generation = YES;
				INFOPLIST_KEY_UISupportedInterfaceOrientations_iPad = "UIInterfaceOrientationPortrait UIInterfaceOrientationPortraitUpsideDown UIInterfaceOrientationLandscapeLeft UIInterfaceOrientationLandscapeRight";
				INFOPLIST_KEY_UISupportedInterfaceOrientations_iPhone = "UIInterfaceOrientationPortrait UIInterfaceOrientationLandscapeLeft UIInterfaceOrientationLandscapeRight";
				LD_RUNPATH_SEARCH_PATHS = (
					"$(inherited)",
					"@executable_path/Frameworks",
				);
				MARKETING_VERSION = 1.0;
				PRODUCT_BUNDLE_IDENTIFIER = com.indus.NaviSwiftUI;
				PRODUCT_NAME = "$(TARGET_NAME)";
				SWIFT_EMIT_LOC_STRINGS = YES;
				SWIFT_VERSION = 5.0;
				TARGETED_DEVICE_FAMILY = "1,2";
			};
			name = Release;
		};
		B288CEA7298239C600BFE884 /* Debug */ = {
			isa = XCBuildConfiguration;
			buildSettings = {
				ALWAYS_EMBED_SWIFT_STANDARD_LIBRARIES = YES;
				BUNDLE_LOADER = "$(TEST_HOST)";
				CODE_SIGN_STYLE = Automatic;
				CURRENT_PROJECT_VERSION = 1;
				DEVELOPMENT_TEAM = ZA37564B4V;
				GENERATE_INFOPLIST_FILE = YES;
				IPHONEOS_DEPLOYMENT_TARGET = 16.1;
				MARKETING_VERSION = 1.0;
				PRODUCT_BUNDLE_IDENTIFIER = com.indus.NaviSwiftUITests;
				PRODUCT_NAME = "$(TARGET_NAME)";
				SWIFT_EMIT_LOC_STRINGS = NO;
				SWIFT_VERSION = 5.0;
				TARGETED_DEVICE_FAMILY = "1,2";
				TEST_HOST = "$(BUILT_PRODUCTS_DIR)/NaviSwiftUI.app/$(BUNDLE_EXECUTABLE_FOLDER_PATH)/NaviSwiftUI";
			};
			name = Debug;
		};
		B288CEA8298239C600BFE884 /* Release */ = {
			isa = XCBuildConfiguration;
			buildSettings = {
				ALWAYS_EMBED_SWIFT_STANDARD_LIBRARIES = YES;
				BUNDLE_LOADER = "$(TEST_HOST)";
				CODE_SIGN_STYLE = Automatic;
				CURRENT_PROJECT_VERSION = 1;
				DEVELOPMENT_TEAM = ZA37564B4V;
				GENERATE_INFOPLIST_FILE = YES;
				IPHONEOS_DEPLOYMENT_TARGET = 16.1;
				MARKETING_VERSION = 1.0;
				PRODUCT_BUNDLE_IDENTIFIER = com.indus.NaviSwiftUITests;
				PRODUCT_NAME = "$(TARGET_NAME)";
				SWIFT_EMIT_LOC_STRINGS = NO;
				SWIFT_VERSION = 5.0;
				TARGETED_DEVICE_FAMILY = "1,2";
				TEST_HOST = "$(BUILT_PRODUCTS_DIR)/NaviSwiftUI.app/$(BUNDLE_EXECUTABLE_FOLDER_PATH)/NaviSwiftUI";
			};
			name = Release;
		};
		B288CEAA298239C600BFE884 /* Debug */ = {
			isa = XCBuildConfiguration;
			buildSettings = {
				ALWAYS_EMBED_SWIFT_STANDARD_LIBRARIES = YES;
				CODE_SIGN_STYLE = Automatic;
				CURRENT_PROJECT_VERSION = 1;
				DEVELOPMENT_TEAM = ZA37564B4V;
				GENERATE_INFOPLIST_FILE = YES;
				MARKETING_VERSION = 1.0;
				PRODUCT_BUNDLE_IDENTIFIER = com.indus.NaviSwiftUIUITests;
				PRODUCT_NAME = "$(TARGET_NAME)";
				SWIFT_EMIT_LOC_STRINGS = NO;
				SWIFT_VERSION = 5.0;
				TARGETED_DEVICE_FAMILY = "1,2";
				TEST_TARGET_NAME = NaviSwiftUI;
			};
			name = Debug;
		};
		B288CEAB298239C600BFE884 /* Release */ = {
			isa = XCBuildConfiguration;
			buildSettings = {
				ALWAYS_EMBED_SWIFT_STANDARD_LIBRARIES = YES;
				CODE_SIGN_STYLE = Automatic;
				CURRENT_PROJECT_VERSION = 1;
				DEVELOPMENT_TEAM = ZA37564B4V;
				GENERATE_INFOPLIST_FILE = YES;
				MARKETING_VERSION = 1.0;
				PRODUCT_BUNDLE_IDENTIFIER = com.indus.NaviSwiftUIUITests;
				PRODUCT_NAME = "$(TARGET_NAME)";
				SWIFT_EMIT_LOC_STRINGS = NO;
				SWIFT_VERSION = 5.0;
				TARGETED_DEVICE_FAMILY = "1,2";
				TEST_TARGET_NAME = NaviSwiftUI;
			};
			name = Release;
		};
/* End XCBuildConfiguration section */

/* Begin XCConfigurationList section */
		B288CE7A298239C500BFE884 /* Build configuration list for PBXProject "NaviSwiftUI" */ = {
			isa = XCConfigurationList;
			buildConfigurations = (
				B288CEA1298239C600BFE884 /* Debug */,
				B288CEA2298239C600BFE884 /* Release */,
			);
			defaultConfigurationIsVisible = 0;
			defaultConfigurationName = Release;
		};
		B288CEA3298239C600BFE884 /* Build configuration list for PBXNativeTarget "NaviSwiftUI" */ = {
			isa = XCConfigurationList;
			buildConfigurations = (
				B288CEA4298239C600BFE884 /* Debug */,
				B288CEA5298239C600BFE884 /* Release */,
			);
			defaultConfigurationIsVisible = 0;
			defaultConfigurationName = Release;
		};
		B288CEA6298239C600BFE884 /* Build configuration list for PBXNativeTarget "NaviSwiftUITests" */ = {
			isa = XCConfigurationList;
			buildConfigurations = (
				B288CEA7298239C600BFE884 /* Debug */,
				B288CEA8298239C600BFE884 /* Release */,
			);
			defaultConfigurationIsVisible = 0;
			defaultConfigurationName = Release;
		};
		B288CEA9298239C600BFE884 /* Build configuration list for PBXNativeTarget "NaviSwiftUIUITests" */ = {
			isa = XCConfigurationList;
			buildConfigurations = (
				B288CEAA298239C600BFE884 /* Debug */,
				B288CEAB298239C600BFE884 /* Release */,
			);
			defaultConfigurationIsVisible = 0;
			defaultConfigurationName = Release;
		};
/* End XCConfigurationList section */
	};
	rootObject = B288CE77298239C500BFE884 /* Project object */;
}
